<?xml version="1.0" encoding="utf-8"?>
<Project ToolsVersion="4.0" xmlns="http://schemas.microsoft.com/developer/msbuild/2003">
  <ItemGroup>
    <Filter Include="Source Files">
      <UniqueIdentifier>{4FC737F1-C7A5-4376-A066-2A32D752A2FF}</UniqueIdentifier>
      <Extensions>cpp;c;cc;cxx;c++;cppm;ixx;def;odl;idl;hpj;bat;asm;asmx</Extensions>
    </Filter>
    <Filter Include="Header Files">
      <UniqueIdentifier>{93995380-89BD-4b04-88EB-625FBE52EBFB}</UniqueIdentifier>
      <Extensions>h;hh;hpp;hxx;h++;hm;inl;inc;ipp;xsd</Extensions>
    </Filter>
    <Filter Include="Resource Files">
      <UniqueIdentifier>{67DA6AB6-F800-4c08-8B7A-83BB121AAD01}</UniqueIdentifier>
      <Extensions>rc;ico;cur;bmp;dlg;rc2;rct;bin;rgs;gif;jpg;jpeg;jpe;resx;tiff;tif;png;wav;mfcribbon-ms</Extensions>
    </Filter>
    <Filter Include="Main">
      <UniqueIdentifier>{7ae15e50-b5df-4e93-ae3a-621dc5271e06}</UniqueIdentifier>
    </Filter>
    <Filter Include="Engine">
      <UniqueIdentifier>{e118474c-45b2-425e-82c4-c699d6611796}</UniqueIdentifier>
    </Filter>
    <Filter Include="#Ball">
      <UniqueIdentifier>{c21faa94-897b-48ef-87b0-534a1316110a}</UniqueIdentifier>
    </Filter>
    <Filter Include="#Ball\Ball">
      <UniqueIdentifier>{2ae5c590-0451-49ae-9075-020052780d93}</UniqueIdentifier>
    </Filter>
    <Filter Include="#Ball\Ball_Set">
      <UniqueIdentifier>{63d148a2-ab10-4265-818e-8149089b6dc1}</UniqueIdentifier>
    </Filter>
    <Filter Include="#Laser_Beam">
      <UniqueIdentifier>{1660e22b-7c92-4428-9af9-659c12722b89}</UniqueIdentifier>
    </Filter>
    <Filter Include="#Laser_Beam\Laser_Beam">
      <UniqueIdentifier>{70078976-1f22-4eee-b594-96af2b9d8282}</UniqueIdentifier>
    </Filter>
    <Filter Include="#Laser_Beam\Laser_Beam_Set">
      <UniqueIdentifier>{642db235-627e-4043-ab23-95948ec28c58}</UniqueIdentifier>
    </Filter>
    <Filter Include="#Platform">
      <UniqueIdentifier>{d0483782-e133-4e11-8e43-97da22cbfa83}</UniqueIdentifier>
    </Filter>
    <Filter Include="#Platform\Platform_Expanding">
      <UniqueIdentifier>{0986c536-2f00-41f8-909a-3699399c83f8}</UniqueIdentifier>
    </Filter>
    <Filter Include="#Platform\Platform_Glue">
      <UniqueIdentifier>{535c2e94-67b8-4ecf-8851-a98969f06518}</UniqueIdentifier>
    </Filter>
    <Filter Include="#Platform\Platform_Laser">
      <UniqueIdentifier>{f14df67e-d749-471f-b541-beb2fd9b9b2c}</UniqueIdentifier>
    </Filter>
    <Filter Include="#Platform\Platform_State">
      <UniqueIdentifier>{7ccb208a-42f3-46e6-a3a4-6886e0e3d244}</UniqueIdentifier>
    </Filter>
    <Filter Include="#Platform\Platform">
      <UniqueIdentifier>{5a3ba478-9089-4cf8-8af4-a1be2fd18eb8}</UniqueIdentifier>
    </Filter>
    <Filter Include="#Tools">
      <UniqueIdentifier>{30bd271d-bc22-4940-a6bc-a9e4f7d02533}</UniqueIdentifier>
    </Filter>
    <Filter Include="#Tools\Config">
      <UniqueIdentifier>{01125575-719b-4ac1-b281-aece9db6f322}</UniqueIdentifier>
    </Filter>
    <Filter Include="#Border">
      <UniqueIdentifier>{695193bf-d93a-4417-9829-a1616ae30b00}</UniqueIdentifier>
    </Filter>
    <Filter Include="#Border\Border">
      <UniqueIdentifier>{1d057511-fbb4-4b0c-9bcb-bf02b446da2b}</UniqueIdentifier>
    </Filter>
    <Filter Include="#Border\Gate">
      <UniqueIdentifier>{c8413587-61d2-4fb7-b547-7baa9de84aed}</UniqueIdentifier>
    </Filter>
    <Filter Include="#Tools\Common">
      <UniqueIdentifier>{f1762cc2-9005-4d46-98cf-88374e44b5b5}</UniqueIdentifier>
    </Filter>
    <Filter Include="#Monster">
      <UniqueIdentifier>{9576ee43-4f30-4cf8-a883-e7d715d182a1}</UniqueIdentifier>
    </Filter>
    <Filter Include="#Monster\Monsters_Set">
      <UniqueIdentifier>{b62dd060-68d8-4899-800e-376e760539e4}</UniqueIdentifier>
    </Filter>
    <Filter Include="#Monster\Monster">
      <UniqueIdentifier>{53ae7e0f-438b-4632-a2e0-1e0ac67eb279}</UniqueIdentifier>
    </Filter>
    <Filter Include="#Monster\Explosive_Ball">
      <UniqueIdentifier>{621192de-1b0a-4647-9688-41363a17aec6}</UniqueIdentifier>
    </Filter>
    <Filter Include="#Screen">
      <UniqueIdentifier>{e096ff1e-4eb5-48a6-a576-bb4dd078f0cf}</UniqueIdentifier>
    </Filter>
    <Filter Include="#Screen\Info_Panel">
      <UniqueIdentifier>{90c5d65e-fd1a-4dcb-bda2-416897c3d8fe}</UniqueIdentifier>
    </Filter>
    <Filter Include="#Screen\Level">
      <UniqueIdentifier>{22ca32b3-df65-4159-9c58-7781ed0c9a3d}</UniqueIdentifier>
    </Filter>
    <Filter Include="#Screen\Falling_Letter">
      <UniqueIdentifier>{c42d6390-b0b1-4f43-b45d-57ed95a6954d}</UniqueIdentifier>
    </Filter>
    <Filter Include="#Screen\Active_Brick">
      <UniqueIdentifier>{780dc0b4-e07c-4ab7-af94-933a4818deb1}</UniqueIdentifier>
    </Filter>
    <Filter Include="Indicator">
      <UniqueIdentifier>{9afd7a03-7683-4211-b79d-94c2f038293d}</UniqueIdentifier>
    </Filter>
    <Filter Include="#Screen\ALevel_Data">
      <UniqueIdentifier>{87a753ce-f47b-47e9-a234-bbb86d0f233e}</UniqueIdentifier>
    </Filter>
    <Filter Include="#Mop">
      <UniqueIdentifier>{4beccf2a-19c1-438c-9725-6eb81352af33}</UniqueIdentifier>
    </Filter>
    <Filter Include="#Mop\Mop">
      <UniqueIdentifier>{0613179e-fa0f-4525-a573-60de5e9fec69}</UniqueIdentifier>
    </Filter>
    <Filter Include="#Mop\Mop_Indicator">
      <UniqueIdentifier>{a3ffe808-b5d8-435b-9525-339abd371ede}</UniqueIdentifier>
    </Filter>
    <Filter Include="#Mop\Mop_Cylinder">
      <UniqueIdentifier>{e10312c4-bc43-4d3c-8591-8d4ead519820}</UniqueIdentifier>
    </Filter>
  </ItemGroup>
  <ItemGroup>
    <ClInclude Include="framework.h">
      <Filter>Header Files</Filter>
    </ClInclude>
    <ClInclude Include="targetver.h">
      <Filter>Header Files</Filter>
    </ClInclude>
    <ClInclude Include="Resource.h">
      <Filter>Header Files</Filter>
    </ClInclude>
    <ClInclude Include="Main.hpp">
      <Filter>Main</Filter>
    </ClInclude>
    <ClInclude Include="Engine.h">
      <Filter>Engine</Filter>
    </ClInclude>
    <ClInclude Include="Border.h">
      <Filter>#Border\Border</Filter>
    </ClInclude>
    <ClInclude Include="Level.h">
      <Filter>#Screen\Level</Filter>
    </ClInclude>
    <ClInclude Include="Config.h">
      <Filter>#Tools\Config</Filter>
    </ClInclude>
    <ClInclude Include="Ball.h">
      <Filter>#Ball\Ball</Filter>
    </ClInclude>
    <ClInclude Include="Platform.h">
      <Filter>#Platform\Platform</Filter>
    </ClInclude>
    <ClInclude Include="Active_Brick.h">
      <Filter>#Screen\Active_Brick</Filter>
    </ClInclude>
    <ClInclude Include="Falling_Letter.h">
      <Filter>#Screen\Falling_Letter</Filter>
    </ClInclude>
    <ClInclude Include="Ball_Set.h">
      <Filter>#Ball\Ball_Set</Filter>
    </ClInclude>
    <ClInclude Include="Laser_Beam.h">
      <Filter>#Laser_Beam\Laser_Beam</Filter>
    </ClInclude>
    <ClInclude Include="Common.h">
      <Filter>#Tools\Common</Filter>
    </ClInclude>
    <ClInclude Include="Laser_Beam_Set.h">
      <Filter>#Laser_Beam\Laser_Beam_Set</Filter>
    </ClInclude>
    <ClInclude Include="Platform_State.h">
      <Filter>#Platform\Platform_State</Filter>
    </ClInclude>
    <ClInclude Include="Platform_Glue.h">
      <Filter>#Platform\Platform_Glue</Filter>
    </ClInclude>
    <ClInclude Include="Platform_Expanding.h">
      <Filter>#Platform\Platform_Expanding</Filter>
    </ClInclude>
    <ClInclude Include="Platform_Laser.h">
      <Filter>#Platform\Platform_Laser</Filter>
    </ClInclude>
    <ClInclude Include="Gate.h">
      <Filter>#Border\Gate</Filter>
    </ClInclude>
    <ClInclude Include="Monster_Set.h">
      <Filter>#Monster\Monsters_Set</Filter>
    </ClInclude>
    <ClInclude Include="Monster.h">
      <Filter>#Monster\Monster</Filter>
    </ClInclude>
    <ClInclude Include="Explosive_Ball.h">
      <Filter>#Monster\Explosive_Ball</Filter>
    </ClInclude>
    <ClInclude Include="Info_Panel.h">
      <Filter>#Screen\Info_Panel</Filter>
    </ClInclude>
    <ClInclude Include="Indicator.h">
      <Filter>Indicator</Filter>
    </ClInclude>
    <ClInclude Include="Level_Data.h">
      <Filter>#Screen\ALevel_Data</Filter>
    </ClInclude>
    <ClInclude Include="Mop.h">
      <Filter>#Mop\Mop</Filter>
    </ClInclude>
    <ClInclude Include="Mop_Indicator.h">
      <Filter>#Mop\Mop_Indicator</Filter>
    </ClInclude>
    <ClInclude Include="Mop_Cylinder.h">
      <Filter>#Mop\Mop_Cylinder</Filter>
    </ClInclude>
  </ItemGroup>
  <ItemGroup>
    <ResourceCompile Include="Popcorn.rc">
      <Filter>Resource Files</Filter>
    </ResourceCompile>
  </ItemGroup>
  <ItemGroup>
    <Image Include="small.ico">
      <Filter>Resource Files</Filter>
    </Image>
    <Image Include="Popcorn.ico">
      <Filter>Resource Files</Filter>
    </Image>
  </ItemGroup>
  <ItemGroup>
    <ClCompile Include="Main.cpp">
      <Filter>Main</Filter>
    </ClCompile>
    <ClCompile Include="Engine.cpp">
      <Filter>Engine</Filter>
    </ClCompile>
    <ClCompile Include="Border.cpp">
      <Filter>#Border\Border</Filter>
    </ClCompile>
    <ClCompile Include="Level.cpp">
      <Filter>#Screen\Level</Filter>
    </ClCompile>
    <ClCompile Include="Config.cpp">
      <Filter>#Tools\Config</Filter>
    </ClCompile>
    <ClCompile Include="Ball.cpp">
      <Filter>#Ball\Ball</Filter>
    </ClCompile>
    <ClCompile Include="Platform.cpp">
      <Filter>#Platform\Platform</Filter>
    </ClCompile>
    <ClCompile Include="Active_Brick.cpp">
      <Filter>#Screen\Active_Brick</Filter>
    </ClCompile>
    <ClCompile Include="Falling_Letter.cpp">
      <Filter>#Screen\Falling_Letter</Filter>
    </ClCompile>
    <ClCompile Include="Ball_Set.cpp">
      <Filter>#Ball\Ball_Set</Filter>
    </ClCompile>
    <ClCompile Include="Laser_Beam.cpp">
      <Filter>#Laser_Beam\Laser_Beam</Filter>
    </ClCompile>
    <ClCompile Include="Common.cpp">
      <Filter>#Tools\Common</Filter>
    </ClCompile>
    <ClCompile Include="Laser_Beam_Set.cpp">
      <Filter>#Laser_Beam\Laser_Beam_Set</Filter>
    </ClCompile>
    <ClCompile Include="Platform_State.cpp">
      <Filter>#Platform\Platform_State</Filter>
    </ClCompile>
    <ClCompile Include="Platform_Glue.cpp">
      <Filter>#Platform\Platform_Glue</Filter>
    </ClCompile>
    <ClCompile Include="Platform_Expanding.cpp">
      <Filter>#Platform\Platform_Expanding</Filter>
    </ClCompile>
    <ClCompile Include="Platform_Laser.cpp">
      <Filter>#Platform\Platform_Laser</Filter>
    </ClCompile>
    <ClCompile Include="Gate.cpp">
      <Filter>#Border\Gate</Filter>
    </ClCompile>
    <ClCompile Include="Monster_Set.cpp">
      <Filter>#Monster\Monsters_Set</Filter>
    </ClCompile>
    <ClCompile Include="Monster.cpp">
      <Filter>#Monster\Monster</Filter>
    </ClCompile>
    <ClCompile Include="Explosive_Ball.cpp">
      <Filter>#Monster\Explosive_Ball</Filter>
    </ClCompile>
    <ClCompile Include="Info_Panel.cpp">
      <Filter>#Screen\Info_Panel</Filter>
    </ClCompile>
    <ClCompile Include="Indicator.cpp">
      <Filter>Indicator</Filter>
    </ClCompile>
    <ClCompile Include="Level_Data.cpp">
      <Filter>#Screen\ALevel_Data</Filter>
    </ClCompile>
    <ClCompile Include="Mop.cpp">
      <Filter>#Mop\Mop</Filter>
    </ClCompile>
    <ClCompile Include="Mop_Indicator.cpp">
      <Filter>#Mop\Mop_Indicator</Filter>
    </ClCompile>
    <ClCompile Include="Mop_Cylinder.cpp">
      <Filter>#Mop\Mop_Cylinder</Filter>
    </ClCompile>
  </ItemGroup>
</Project>